
Microsoft Visual Studio Solution File, Format Version 12.00
# Visual Studio Version 17
VisualStudioVersion = 17.10.34928.147
MinimumVisualStudioVersion = 10.0.40219.1
Project("{FAE04EC0-301F-11D3-BF4B-00C04F79EFBC}") = "LAB2-3_OleksandrLapin", "LAB2-3_OleksandrLapin\LAB2-3_OleksandrLapin.csproj", "{83F55BB5-410A-478F-A463-144618E66307}"
EndProject
Global
	GlobalSection(SolutionConfigurationPlatforms) = preSolution
		Debug|Any CPU = Debug|Any CPU
		Release|Any CPU = Release|Any CPU
	EndGlobalSection
	GlobalSection(ProjectConfigurationPlatforms) = postSolution
		{83F55BB5-410A-478F-A463-144618E66307}.Debug|Any CPU.ActiveCfg = Debug|Any CPU
		{83F55BB5-410A-478F-A463-144618E66307}.Debug|Any CPU.Build.0 = Debug|Any CPU
		{83F55BB5-410A-478F-A463-144618E66307}.Release|Any CPU.ActiveCfg = Release|Any CPU
		{83F55BB5-410A-478F-A463-144618E66307}.Release|Any CPU.Build.0 = Release|Any CPU
	EndGlobalSection
	GlobalSection(SolutionProperties) = preSolution
		HideSolutionNode = FALSE
	EndGlobalSection
	GlobalSection(ExtensibilityGlobals) = postSolution
		SolutionGuid = {66AE38A1-6096-4AED-8927-0984082923F6}
	EndGlobalSection
EndGlobal
